PODS:
  - CocoaLumberjack (1.8.1):
    - CocoaLumberjack/Extensions
  - CocoaLumberjack/Core (1.8.1)
  - CocoaLumberjack/Extensions (1.8.1):
    - CocoaLumberjack/Core
  - Google-Mobile-Ads-SDK (6.12.0)
  - GoogleAnalytics-iOS-SDK (3.0.3)
  - HYUtils (0.0.4):
    - CocoaLumberjack
  - JDStatusBarNotification (1.4.7)
  - MagicalRecord/Shorthand (2.2)

DEPENDENCIES:
  - CocoaLumberjack (= 1.8.1)
  - Google-Mobile-Ads-SDK (= 6.12.0)
  - GoogleAnalytics-iOS-SDK (= 3.0.3)
  - HYUtils (from `https://github.com/hrk-ys/HYUtils.git`, commit `806679b2773695602825a57ff1d7b8edb4e63bdb`)
  - JDStatusBarNotification (= 1.4.7)
  - MagicalRecord/Shorthand (= 2.2)

EXTERNAL SOURCES:
  HYUtils:
    :commit: 806679b2773695602825a57ff1d7b8edb4e63bdb
    :git: https://github.com/hrk-ys/HYUtils.git

SPEC CHECKSUMS:
  CocoaLumberjack: 9d198d6e19909b3b113a38c5f06f7bb8eedd0427
  Google-Mobile-Ads-SDK: b1b5cfd1b604a8412faa5536586b13a4b640f344
  GoogleAnalytics-iOS-SDK: ee5322bf919d731d34ff3c8d891301e8f1e0e873
  HYUtils: 474bd5119cdc256db7c1869163b336255e39fdc9
  JDStatusBarNotification: ac0b8550e761a0ab01696a6592564ff17698ca43
  MagicalRecord: 2b471584fc9e3137f3d0a56967917baa4979e224

COCOAPODS: 0.32.1
