// !$*UTF8*$!
{
	archiveVersion = 1;
	classes = {
	};
	objectVersion = 46;
	objects = {

/* Begin PBXBuildFile section */
		5C7AA3B401FD452389F342E3 /* libPods-SnippetKeyboard.a in Frameworks */ = {isa = PBXBuildFile; fileRef = A933A41539CB4C0D99FDE97E /* libPods-SnippetKeyboard.a */; };
		DC4AEB26FE4B4305A42A7D9B /* libPods.a in Frameworks */ = {isa = PBXBuildFile; fileRef = BE177FAC288646B281DD895C /* libPods.a */; };
		E9087A6D18CB50BC0072F0A1 /* Settings.bundle in Resources */ = {isa = PBXBuildFile; fileRef = E9087A6C18CB50BC0072F0A1 /* Settings.bundle */; };
		E9955BFB19D3317C00E6D08A /* SPTSnippet.m in Sources */ = {isa = PBXBuildFile; fileRef = E9D5E3A418CAF00F002D5E89 /* SPTSnippet.m */; };
		E9955BFC19D3318000E6D08A /* _SPTSnippet.m in Sources */ = {isa = PBXBuildFile; fileRef = E9D5E3A218CAF00F002D5E89 /* _SPTSnippet.m */; };
		E9955BFD19D331A500E6D08A /* Model.xcdatamodeld in Sources */ = {isa = PBXBuildFile; fileRef = E9D5E38B18CAD8E8002D5E89 /* Model.xcdatamodeld */; };
		E997CDAD19D2B11F0046F931 /* Images.xcassets in Resources */ = {isa = PBXBuildFile; fileRef = E9D5E36E18CAD8AD002D5E89 /* Images.xcassets */; };
		E997CDAF19D2B19E0046F931 /* Images.xcassets in Resources */ = {isa = PBXBuildFile; fileRef = E997CDAE19D2B19E0046F931 /* Images.xcassets */; };
		E9B4E20519D23F2A00B30E82 /* LaunchScreen.xib in Resources */ = {isa = PBXBuildFile; fileRef = E9B4E20419D23F2A00B30E82 /* LaunchScreen.xib */; };
		E9D5E35718CAD8AC002D5E89 /* Foundation.framework in Frameworks */ = {isa = PBXBuildFile; fileRef = E9D5E35618CAD8AC002D5E89 /* Foundation.framework */; };
		E9D5E35918CAD8AC002D5E89 /* CoreGraphics.framework in Frameworks */ = {isa = PBXBuildFile; fileRef = E9D5E35818CAD8AC002D5E89 /* CoreGraphics.framework */; };
		E9D5E35B18CAD8AC002D5E89 /* UIKit.framework in Frameworks */ = {isa = PBXBuildFile; fileRef = E9D5E35A18CAD8AC002D5E89 /* UIKit.framework */; };
		E9D5E36118CAD8AC002D5E89 /* InfoPlist.strings in Resources */ = {isa = PBXBuildFile; fileRef = E9D5E35F18CAD8AC002D5E89 /* InfoPlist.strings */; };
		E9D5E36318CAD8AC002D5E89 /* main.m in Sources */ = {isa = PBXBuildFile; fileRef = E9D5E36218CAD8AC002D5E89 /* main.m */; };
		E9D5E36718CAD8AC002D5E89 /* SPTAppDelegate.m in Sources */ = {isa = PBXBuildFile; fileRef = E9D5E36618CAD8AC002D5E89 /* SPTAppDelegate.m */; };
		E9D5E36A18CAD8AD002D5E89 /* Main.storyboard in Resources */ = {isa = PBXBuildFile; fileRef = E9D5E36818CAD8AD002D5E89 /* Main.storyboard */; };
		E9D5E36D18CAD8AD002D5E89 /* SPTListViewController.m in Sources */ = {isa = PBXBuildFile; fileRef = E9D5E36C18CAD8AD002D5E89 /* SPTListViewController.m */; };
		E9D5E36F18CAD8AD002D5E89 /* Images.xcassets in Resources */ = {isa = PBXBuildFile; fileRef = E9D5E36E18CAD8AD002D5E89 /* Images.xcassets */; };
		E9D5E37618CAD8AD002D5E89 /* XCTest.framework in Frameworks */ = {isa = PBXBuildFile; fileRef = E9D5E37518CAD8AD002D5E89 /* XCTest.framework */; };
		E9D5E37718CAD8AD002D5E89 /* Foundation.framework in Frameworks */ = {isa = PBXBuildFile; fileRef = E9D5E35618CAD8AC002D5E89 /* Foundation.framework */; };
		E9D5E37818CAD8AD002D5E89 /* UIKit.framework in Frameworks */ = {isa = PBXBuildFile; fileRef = E9D5E35A18CAD8AC002D5E89 /* UIKit.framework */; };
		E9D5E38018CAD8AD002D5E89 /* InfoPlist.strings in Resources */ = {isa = PBXBuildFile; fileRef = E9D5E37E18CAD8AD002D5E89 /* InfoPlist.strings */; };
		E9D5E38218CAD8AD002D5E89 /* SnippetTextTests.m in Sources */ = {isa = PBXBuildFile; fileRef = E9D5E38118CAD8AD002D5E89 /* SnippetTextTests.m */; };
		E9D5E38D18CAD8E8002D5E89 /* Model.xcdatamodeld in Sources */ = {isa = PBXBuildFile; fileRef = E9D5E38B18CAD8E8002D5E89 /* Model.xcdatamodeld */; };
		E9D5E39B18CAE6DC002D5E89 /* SPTNaviViewController.m in Sources */ = {isa = PBXBuildFile; fileRef = E9D5E39A18CAE6DC002D5E89 /* SPTNaviViewController.m */; };
		E9D5E3A018CAEFB9002D5E89 /* SPTEditViewController.m in Sources */ = {isa = PBXBuildFile; fileRef = E9D5E39F18CAEFB9002D5E89 /* SPTEditViewController.m */; };
		E9D5E3A518CAF00F002D5E89 /* _SPTSnippet.m in Sources */ = {isa = PBXBuildFile; fileRef = E9D5E3A218CAF00F002D5E89 /* _SPTSnippet.m */; };
		E9D5E3A618CAF00F002D5E89 /* SPTSnippet.m in Sources */ = {isa = PBXBuildFile; fileRef = E9D5E3A418CAF00F002D5E89 /* SPTSnippet.m */; };
		E9E74C5419D298E3009FCEC2 /* KeyboardViewController.m in Sources */ = {isa = PBXBuildFile; fileRef = E9E74C5319D298E3009FCEC2 /* KeyboardViewController.m */; };
		E9E74C5719D298E3009FCEC2 /* SnippetKeyboard.appex in Embed App Extensions */ = {isa = PBXBuildFile; fileRef = E9E74C4E19D298E3009FCEC2 /* SnippetKeyboard.appex */; settings = {ATTRIBUTES = (RemoveHeadersOnCopy, ); }; };
		E9E74C5F19D29A12009FCEC2 /* ListItemView.xib in Resources */ = {isa = PBXBuildFile; fileRef = E9E74C5E19D29A12009FCEC2 /* ListItemView.xib */; };
/* End PBXBuildFile section */

/* Begin PBXContainerItemProxy section */
		E9D5E37918CAD8AD002D5E89 /* PBXContainerItemProxy */ = {
			isa = PBXContainerItemProxy;
			containerPortal = E9D5E34B18CAD8AC002D5E89 /* Project object */;
			proxyType = 1;
			remoteGlobalIDString = E9D5E35218CAD8AC002D5E89;
			remoteInfo = SnippetText;
		};
		E9E74C5519D298E3009FCEC2 /* PBXContainerItemProxy */ = {
			isa = PBXContainerItemProxy;
			containerPortal = E9D5E34B18CAD8AC002D5E89 /* Project object */;
			proxyType = 1;
			remoteGlobalIDString = E9E74C4D19D298E2009FCEC2;
			remoteInfo = SnippetKeyboard;
		};
		E9E74C5819D298E3009FCEC2 /* PBXContainerItemProxy */ = {
			isa = PBXContainerItemProxy;
			containerPortal = E9D5E34B18CAD8AC002D5E89 /* Project object */;
			proxyType = 1;
			remoteGlobalIDString = E9E74C4D19D298E2009FCEC2;
			remoteInfo = SnippetKeyboard;
		};
/* End PBXContainerItemProxy section */

/* Begin PBXCopyFilesBuildPhase section */
		E9E74C5D19D298E3009FCEC2 /* Embed App Extensions */ = {
			isa = PBXCopyFilesBuildPhase;
			buildActionMask = 2147483647;
			dstPath = "";
			dstSubfolderSpec = 13;
			files = (
				E9E74C5719D298E3009FCEC2 /* SnippetKeyboard.appex in Embed App Extensions */,
			);
			name = "Embed App Extensions";
			runOnlyForDeploymentPostprocessing = 0;
		};
/* End PBXCopyFilesBuildPhase section */

/* Begin PBXFileReference section */
		1642978B30BA442B99907915 /* Pods-SnippetKeyboard.xcconfig */ = {isa = PBXFileReference; includeInIndex = 1; lastKnownFileType = text.xcconfig; name = "Pods-SnippetKeyboard.xcconfig"; path = "Pods/Pods-SnippetKeyboard.xcconfig"; sourceTree = "<group>"; };
		A933A41539CB4C0D99FDE97E /* libPods-SnippetKeyboard.a */ = {isa = PBXFileReference; explicitFileType = archive.ar; includeInIndex = 0; path = "libPods-SnippetKeyboard.a"; sourceTree = BUILT_PRODUCTS_DIR; };
		AAE9F4CEB40449B8AAF9F4D4 /* Pods.xcconfig */ = {isa = PBXFileReference; includeInIndex = 1; lastKnownFileType = text.xcconfig; name = Pods.xcconfig; path = Pods/Pods.xcconfig; sourceTree = "<group>"; };
		BE177FAC288646B281DD895C /* libPods.a */ = {isa = PBXFileReference; explicitFileType = archive.ar; includeInIndex = 0; path = libPods.a; sourceTree = BUILT_PRODUCTS_DIR; };
		E9087A6C18CB50BC0072F0A1 /* Settings.bundle */ = {isa = PBXFileReference; lastKnownFileType = "wrapper.plug-in"; path = Settings.bundle; sourceTree = "<group>"; };
		E946AA5019D31E7800C0D6D7 /* SnippetText.entitlements */ = {isa = PBXFileReference; lastKnownFileType = text.xml; path = SnippetText.entitlements; sourceTree = "<group>"; };
		E946AA5119D32C0F00C0D6D7 /* libPods-MagicalRecord.a */ = {isa = PBXFileReference; lastKnownFileType = archive.ar; name = "libPods-MagicalRecord.a"; path = "Pods/build/Debug-iphoneos/libPods-MagicalRecord.a"; sourceTree = "<group>"; };
		E9955BFE19D3329400E6D08A /* SnippetKeyboard.entitlements */ = {isa = PBXFileReference; lastKnownFileType = text.xml; path = SnippetKeyboard.entitlements; sourceTree = "<group>"; };
		E997CDAE19D2B19E0046F931 /* Images.xcassets */ = {isa = PBXFileReference; lastKnownFileType = folder.assetcatalog; path = Images.xcassets; sourceTree = "<group>"; };
		E9B4E20419D23F2A00B30E82 /* LaunchScreen.xib */ = {isa = PBXFileReference; fileEncoding = 4; lastKnownFileType = file.xib; path = LaunchScreen.xib; sourceTree = "<group>"; };
		E9D5E35318CAD8AC002D5E89 /* SnippetText.app */ = {isa = PBXFileReference; explicitFileType = wrapper.application; includeInIndex = 0; path = SnippetText.app; sourceTree = BUILT_PRODUCTS_DIR; };
		E9D5E35618CAD8AC002D5E89 /* Foundation.framework */ = {isa = PBXFileReference; lastKnownFileType = wrapper.framework; name = Foundation.framework; path = System/Library/Frameworks/Foundation.framework; sourceTree = SDKROOT; };
		E9D5E35818CAD8AC002D5E89 /* CoreGraphics.framework */ = {isa = PBXFileReference; lastKnownFileType = wrapper.framework; name = CoreGraphics.framework; path = System/Library/Frameworks/CoreGraphics.framework; sourceTree = SDKROOT; };
		E9D5E35A18CAD8AC002D5E89 /* UIKit.framework */ = {isa = PBXFileReference; lastKnownFileType = wrapper.framework; name = UIKit.framework; path = System/Library/Frameworks/UIKit.framework; sourceTree = SDKROOT; };
		E9D5E35E18CAD8AC002D5E89 /* SnippetText-Info.plist */ = {isa = PBXFileReference; lastKnownFileType = text.plist.xml; path = "SnippetText-Info.plist"; sourceTree = "<group>"; };
		E9D5E36018CAD8AC002D5E89 /* en */ = {isa = PBXFileReference; lastKnownFileType = text.plist.strings; name = en; path = en.lproj/InfoPlist.strings; sourceTree = "<group>"; };
		E9D5E36218CAD8AC002D5E89 /* main.m */ = {isa = PBXFileReference; lastKnownFileType = sourcecode.c.objc; path = main.m; sourceTree = "<group>"; };
		E9D5E36418CAD8AC002D5E89 /* SnippetText-Prefix.pch */ = {isa = PBXFileReference; lastKnownFileType = sourcecode.c.h; path = "SnippetText-Prefix.pch"; sourceTree = "<group>"; };
		E9D5E36518CAD8AC002D5E89 /* SPTAppDelegate.h */ = {isa = PBXFileReference; lastKnownFileType = sourcecode.c.h; path = SPTAppDelegate.h; sourceTree = "<group>"; };
		E9D5E36618CAD8AC002D5E89 /* SPTAppDelegate.m */ = {isa = PBXFileReference; lastKnownFileType = sourcecode.c.objc; path = SPTAppDelegate.m; sourceTree = "<group>"; };
		E9D5E36918CAD8AD002D5E89 /* Base */ = {isa = PBXFileReference; lastKnownFileType = file.storyboard; name = Base; path = Base.lproj/Main.storyboard; sourceTree = "<group>"; };
		E9D5E36B18CAD8AD002D5E89 /* SPTListViewController.h */ = {isa = PBXFileReference; lastKnownFileType = sourcecode.c.h; path = SPTListViewController.h; sourceTree = "<group>"; };
		E9D5E36C18CAD8AD002D5E89 /* SPTListViewController.m */ = {isa = PBXFileReference; lastKnownFileType = sourcecode.c.objc; path = SPTListViewController.m; sourceTree = "<group>"; };
		E9D5E36E18CAD8AD002D5E89 /* Images.xcassets */ = {isa = PBXFileReference; lastKnownFileType = folder.assetcatalog; path = Images.xcassets; sourceTree = "<group>"; };
		E9D5E37418CAD8AD002D5E89 /* SnippetTextTests.xctest */ = {isa = PBXFileReference; explicitFileType = wrapper.cfbundle; includeInIndex = 0; path = SnippetTextTests.xctest; sourceTree = BUILT_PRODUCTS_DIR; };
		E9D5E37518CAD8AD002D5E89 /* XCTest.framework */ = {isa = PBXFileReference; lastKnownFileType = wrapper.framework; name = XCTest.framework; path = Library/Frameworks/XCTest.framework; sourceTree = DEVELOPER_DIR; };
		E9D5E37D18CAD8AD002D5E89 /* SnippetTextTests-Info.plist */ = {isa = PBXFileReference; lastKnownFileType = text.plist.xml; path = "SnippetTextTests-Info.plist"; sourceTree = "<group>"; };
		E9D5E37F18CAD8AD002D5E89 /* en */ = {isa = PBXFileReference; lastKnownFileType = text.plist.strings; name = en; path = en.lproj/InfoPlist.strings; sourceTree = "<group>"; };
		E9D5E38118CAD8AD002D5E89 /* SnippetTextTests.m */ = {isa = PBXFileReference; lastKnownFileType = sourcecode.c.objc; path = SnippetTextTests.m; sourceTree = "<group>"; };
		E9D5E38C18CAD8E8002D5E89 /* Model.xcdatamodel */ = {isa = PBXFileReference; lastKnownFileType = wrapper.xcdatamodel; path = Model.xcdatamodel; sourceTree = "<group>"; };
		E9D5E39918CAE6DC002D5E89 /* SPTNaviViewController.h */ = {isa = PBXFileReference; fileEncoding = 4; lastKnownFileType = sourcecode.c.h; path = SPTNaviViewController.h; sourceTree = "<group>"; };
		E9D5E39A18CAE6DC002D5E89 /* SPTNaviViewController.m */ = {isa = PBXFileReference; fileEncoding = 4; lastKnownFileType = sourcecode.c.objc; path = SPTNaviViewController.m; sourceTree = "<group>"; };
		E9D5E39C18CAE77E002D5E89 /* Reveal.framework */ = {isa = PBXFileReference; lastKnownFileType = wrapper.framework; path = Reveal.framework; sourceTree = "<group>"; };
		E9D5E39E18CAEFB9002D5E89 /* SPTEditViewController.h */ = {isa = PBXFileReference; fileEncoding = 4; lastKnownFileType = sourcecode.c.h; path = SPTEditViewController.h; sourceTree = "<group>"; };
		E9D5E39F18CAEFB9002D5E89 /* SPTEditViewController.m */ = {isa = PBXFileReference; fileEncoding = 4; lastKnownFileType = sourcecode.c.objc; path = SPTEditViewController.m; sourceTree = "<group>"; };
		E9D5E3A118CAF00F002D5E89 /* _SPTSnippet.h */ = {isa = PBXFileReference; fileEncoding = 4; lastKnownFileType = sourcecode.c.h; path = _SPTSnippet.h; sourceTree = "<group>"; };
		E9D5E3A218CAF00F002D5E89 /* _SPTSnippet.m */ = {isa = PBXFileReference; fileEncoding = 4; lastKnownFileType = sourcecode.c.objc; path = _SPTSnippet.m; sourceTree = "<group>"; };
		E9D5E3A318CAF00F002D5E89 /* SPTSnippet.h */ = {isa = PBXFileReference; fileEncoding = 4; lastKnownFileType = sourcecode.c.h; path = SPTSnippet.h; sourceTree = "<group>"; };
		E9D5E3A418CAF00F002D5E89 /* SPTSnippet.m */ = {isa = PBXFileReference; fileEncoding = 4; lastKnownFileType = sourcecode.c.objc; path = SPTSnippet.m; sourceTree = "<group>"; };
		E9E74C4E19D298E3009FCEC2 /* SnippetKeyboard.appex */ = {isa = PBXFileReference; explicitFileType = "wrapper.app-extension"; includeInIndex = 0; path = SnippetKeyboard.appex; sourceTree = BUILT_PRODUCTS_DIR; };
		E9E74C5119D298E3009FCEC2 /* Info.plist */ = {isa = PBXFileReference; lastKnownFileType = text.plist.xml; path = Info.plist; sourceTree = "<group>"; };
		E9E74C5219D298E3009FCEC2 /* KeyboardViewController.h */ = {isa = PBXFileReference; lastKnownFileType = sourcecode.c.h; path = KeyboardViewController.h; sourceTree = "<group>"; };
		E9E74C5319D298E3009FCEC2 /* KeyboardViewController.m */ = {isa = PBXFileReference; lastKnownFileType = sourcecode.c.objc; path = KeyboardViewController.m; sourceTree = "<group>"; };
		E9E74C5E19D29A12009FCEC2 /* ListItemView.xib */ = {isa = PBXFileReference; fileEncoding = 4; lastKnownFileType = file.xib; path = ListItemView.xib; sourceTree = "<group>"; };
/* End PBXFileReference section */

/* Begin PBXFrameworksBuildPhase section */
		E9D5E35018CAD8AC002D5E89 /* Frameworks */ = {
			isa = PBXFrameworksBuildPhase;
			buildActionMask = 2147483647;
			files = (
				E9D5E35918CAD8AC002D5E89 /* CoreGraphics.framework in Frameworks */,
				E9D5E35B18CAD8AC002D5E89 /* UIKit.framework in Frameworks */,
				E9D5E35718CAD8AC002D5E89 /* Foundation.framework in Frameworks */,
				DC4AEB26FE4B4305A42A7D9B /* libPods.a in Frameworks */,
			);
			runOnlyForDeploymentPostprocessing = 0;
		};
		E9D5E37118CAD8AD002D5E89 /* Frameworks */ = {
			isa = PBXFrameworksBuildPhase;
			buildActionMask = 2147483647;
			files = (
				E9D5E37618CAD8AD002D5E89 /* XCTest.framework in Frameworks */,
				E9D5E37818CAD8AD002D5E89 /* UIKit.framework in Frameworks */,
				E9D5E37718CAD8AD002D5E89 /* Foundation.framework in Frameworks */,
			);
			runOnlyForDeploymentPostprocessing = 0;
		};
		E9E74C4B19D298E2009FCEC2 /* Frameworks */ = {
			isa = PBXFrameworksBuildPhase;
			buildActionMask = 2147483647;
			files = (
				5C7AA3B401FD452389F342E3 /* libPods-SnippetKeyboard.a in Frameworks */,
			);
			runOnlyForDeploymentPostprocessing = 0;
		};
/* End PBXFrameworksBuildPhase section */

/* Begin PBXGroup section */
		E9D5E34A18CAD8AC002D5E89 = {
			isa = PBXGroup;
			children = (
				E9D5E35C18CAD8AC002D5E89 /* SnippetText */,
				E9D5E37B18CAD8AD002D5E89 /* SnippetTextTests */,
				E9E74C4F19D298E3009FCEC2 /* SnippetKeyboard */,
				E9D5E35518CAD8AC002D5E89 /* Frameworks */,
				E9D5E35418CAD8AC002D5E89 /* Products */,
				AAE9F4CEB40449B8AAF9F4D4 /* Pods.xcconfig */,
				1642978B30BA442B99907915 /* Pods-SnippetKeyboard.xcconfig */,
			);
			sourceTree = "<group>";
		};
		E9D5E35418CAD8AC002D5E89 /* Products */ = {
			isa = PBXGroup;
			children = (
				E9D5E35318CAD8AC002D5E89 /* SnippetText.app */,
				E9D5E37418CAD8AD002D5E89 /* SnippetTextTests.xctest */,
				E9E74C4E19D298E3009FCEC2 /* SnippetKeyboard.appex */,
			);
			name = Products;
			sourceTree = "<group>";
		};
		E9D5E35518CAD8AC002D5E89 /* Frameworks */ = {
			isa = PBXGroup;
			children = (
				E946AA5119D32C0F00C0D6D7 /* libPods-MagicalRecord.a */,
				E9D5E39C18CAE77E002D5E89 /* Reveal.framework */,
				E9D5E35618CAD8AC002D5E89 /* Foundation.framework */,
				E9D5E35818CAD8AC002D5E89 /* CoreGraphics.framework */,
				E9D5E35A18CAD8AC002D5E89 /* UIKit.framework */,
				E9D5E37518CAD8AD002D5E89 /* XCTest.framework */,
				BE177FAC288646B281DD895C /* libPods.a */,
				A933A41539CB4C0D99FDE97E /* libPods-SnippetKeyboard.a */,
			);
			name = Frameworks;
			sourceTree = "<group>";
		};
		E9D5E35C18CAD8AC002D5E89 /* SnippetText */ = {
			isa = PBXGroup;
			children = (
				E946AA5019D31E7800C0D6D7 /* SnippetText.entitlements */,
				E9D5E39218CAE133002D5E89 /* CoreDataModels */,
				E9D5E39018CADE7A002D5E89 /* Controllers */,
				E9D5E38F18CADE74002D5E89 /* Models */,
				E9D5E38E18CADE5B002D5E89 /* Views */,
				E9D5E36518CAD8AC002D5E89 /* SPTAppDelegate.h */,
				E9D5E36618CAD8AC002D5E89 /* SPTAppDelegate.m */,
				E9D5E36818CAD8AD002D5E89 /* Main.storyboard */,
				E9B4E20419D23F2A00B30E82 /* LaunchScreen.xib */,
				E9D5E38B18CAD8E8002D5E89 /* Model.xcdatamodeld */,
				E9D5E36E18CAD8AD002D5E89 /* Images.xcassets */,
				E9D5E35D18CAD8AC002D5E89 /* Supporting Files */,
			);
			path = SnippetText;
			sourceTree = "<group>";
		};
		E9D5E35D18CAD8AC002D5E89 /* Supporting Files */ = {
			isa = PBXGroup;
			children = (
				E9D5E35E18CAD8AC002D5E89 /* SnippetText-Info.plist */,
				E9D5E35F18CAD8AC002D5E89 /* InfoPlist.strings */,
				E9D5E36218CAD8AC002D5E89 /* main.m */,
				E9D5E36418CAD8AC002D5E89 /* SnippetText-Prefix.pch */,
				E9087A6C18CB50BC0072F0A1 /* Settings.bundle */,
			);
			name = "Supporting Files";
			sourceTree = "<group>";
		};
		E9D5E37B18CAD8AD002D5E89 /* SnippetTextTests */ = {
			isa = PBXGroup;
			children = (
				E9D5E38118CAD8AD002D5E89 /* SnippetTextTests.m */,
				E9D5E37C18CAD8AD002D5E89 /* Supporting Files */,
			);
			path = SnippetTextTests;
			sourceTree = "<group>";
		};
		E9D5E37C18CAD8AD002D5E89 /* Supporting Files */ = {
			isa = PBXGroup;
			children = (
				E9D5E37D18CAD8AD002D5E89 /* SnippetTextTests-Info.plist */,
				E9D5E37E18CAD8AD002D5E89 /* InfoPlist.strings */,
			);
			name = "Supporting Files";
			sourceTree = "<group>";
		};
		E9D5E38E18CADE5B002D5E89 /* Views */ = {
			isa = PBXGroup;
			children = (
			);
			name = Views;
			sourceTree = "<group>";
		};
		E9D5E38F18CADE74002D5E89 /* Models */ = {
			isa = PBXGroup;
			children = (
			);
			name = Models;
			sourceTree = "<group>";
		};
		E9D5E39018CADE7A002D5E89 /* Controllers */ = {
			isa = PBXGroup;
			children = (
				E9D5E39918CAE6DC002D5E89 /* SPTNaviViewController.h */,
				E9D5E39A18CAE6DC002D5E89 /* SPTNaviViewController.m */,
				E9D5E36B18CAD8AD002D5E89 /* SPTListViewController.h */,
				E9D5E36C18CAD8AD002D5E89 /* SPTListViewController.m */,
				E9D5E39E18CAEFB9002D5E89 /* SPTEditViewController.h */,
				E9D5E39F18CAEFB9002D5E89 /* SPTEditViewController.m */,
			);
			name = Controllers;
			sourceTree = "<group>";
		};
		E9D5E39218CAE133002D5E89 /* CoreDataModels */ = {
			isa = PBXGroup;
			children = (
				E9D5E3A118CAF00F002D5E89 /* _SPTSnippet.h */,
				E9D5E3A218CAF00F002D5E89 /* _SPTSnippet.m */,
				E9D5E3A318CAF00F002D5E89 /* SPTSnippet.h */,
				E9D5E3A418CAF00F002D5E89 /* SPTSnippet.m */,
			);
			path = CoreDataModels;
			sourceTree = "<group>";
		};
		E9E74C4F19D298E3009FCEC2 /* SnippetKeyboard */ = {
			isa = PBXGroup;
			children = (
				E9955BFE19D3329400E6D08A /* SnippetKeyboard.entitlements */,
				E9E74C5219D298E3009FCEC2 /* KeyboardViewController.h */,
				E9E74C5319D298E3009FCEC2 /* KeyboardViewController.m */,
				E9E74C5E19D29A12009FCEC2 /* ListItemView.xib */,
				E9E74C5019D298E3009FCEC2 /* Supporting Files */,
				E997CDAE19D2B19E0046F931 /* Images.xcassets */,
			);
			path = SnippetKeyboard;
			sourceTree = "<group>";
		};
		E9E74C5019D298E3009FCEC2 /* Supporting Files */ = {
			isa = PBXGroup;
			children = (
				E9E74C5119D298E3009FCEC2 /* Info.plist */,
			);
			name = "Supporting Files";
			sourceTree = "<group>";
		};
/* End PBXGroup section */

/* Begin PBXNativeTarget section */
		E9D5E35218CAD8AC002D5E89 /* SnippetText */ = {
			isa = PBXNativeTarget;
			buildConfigurationList = E9D5E38518CAD8AD002D5E89 /* Build configuration list for PBXNativeTarget "SnippetText" */;
			buildPhases = (
				2C1FEC84BB574CD38765B48A /* Check Pods Manifest.lock */,
				E9D5E34F18CAD8AC002D5E89 /* Sources */,
				E9D5E35018CAD8AC002D5E89 /* Frameworks */,
				E9D5E35118CAD8AC002D5E89 /* Resources */,
				DF2363F9E1A54439B782F8F4 /* Copy Pods Resources */,
				E9E74C5D19D298E3009FCEC2 /* Embed App Extensions */,
			);
			buildRules = (
			);
			dependencies = (
				E9E74C5619D298E3009FCEC2 /* PBXTargetDependency */,
				E9E74C5919D298E3009FCEC2 /* PBXTargetDependency */,
			);
			name = SnippetText;
			productName = SnippetText;
			productReference = E9D5E35318CAD8AC002D5E89 /* SnippetText.app */;
			productType = "com.apple.product-type.application";
		};
		E9D5E37318CAD8AD002D5E89 /* SnippetTextTests */ = {
			isa = PBXNativeTarget;
			buildConfigurationList = E9D5E38818CAD8AD002D5E89 /* Build configuration list for PBXNativeTarget "SnippetTextTests" */;
			buildPhases = (
				E9D5E37018CAD8AD002D5E89 /* Sources */,
				E9D5E37118CAD8AD002D5E89 /* Frameworks */,
				E9D5E37218CAD8AD002D5E89 /* Resources */,
			);
			buildRules = (
			);
			dependencies = (
				E9D5E37A18CAD8AD002D5E89 /* PBXTargetDependency */,
			);
			name = SnippetTextTests;
			productName = SnippetTextTests;
			productReference = E9D5E37418CAD8AD002D5E89 /* SnippetTextTests.xctest */;
			productType = "com.apple.product-type.bundle.unit-test";
		};
		E9E74C4D19D298E2009FCEC2 /* SnippetKeyboard */ = {
			isa = PBXNativeTarget;
			buildConfigurationList = E9E74C5C19D298E3009FCEC2 /* Build configuration list for PBXNativeTarget "SnippetKeyboard" */;
			buildPhases = (
				84401A1F74DF4187BDD1CA81 /* Check Pods Manifest.lock */,
				E9E74C4A19D298E2009FCEC2 /* Sources */,
				E9E74C4B19D298E2009FCEC2 /* Frameworks */,
				E9E74C4C19D298E2009FCEC2 /* Resources */,
				9C24789FDC7D429C9F67B78E /* Copy Pods Resources */,
			);
			buildRules = (
			);
			dependencies = (
			);
			name = SnippetKeyboard;
			productName = SnippetKeyboard;
			productReference = E9E74C4E19D298E3009FCEC2 /* SnippetKeyboard.appex */;
			productType = "com.apple.product-type.app-extension";
		};
/* End PBXNativeTarget section */

/* Begin PBXProject section */
		E9D5E34B18CAD8AC002D5E89 /* Project object */ = {
			isa = PBXProject;
			attributes = {
				CLASSPREFIX = SPT;
				LastUpgradeCheck = 0500;
				ORGANIZATIONNAME = "Hiroki Yoshifuji";
				TargetAttributes = {
					E9D5E35218CAD8AC002D5E89 = {
						DevelopmentTeam = Z8E8FLY423;
						SystemCapabilities = {
							com.apple.ApplicationGroups.iOS = {
								enabled = 1;
							};
						};
					};
					E9D5E37318CAD8AD002D5E89 = {
						TestTargetID = E9D5E35218CAD8AC002D5E89;
					};
					E9E74C4D19D298E2009FCEC2 = {
						CreatedOnToolsVersion = 6.0.1;
						DevelopmentTeam = Z8E8FLY423;
						SystemCapabilities = {
							com.apple.ApplicationGroups.iOS = {
								enabled = 1;
							};
						};
					};
				};
			};
			buildConfigurationList = E9D5E34E18CAD8AC002D5E89 /* Build configuration list for PBXProject "SnippetText" */;
			compatibilityVersion = "Xcode 3.2";
			developmentRegion = English;
			hasScannedForEncodings = 0;
			knownRegions = (
				en,
				Base,
			);
			mainGroup = E9D5E34A18CAD8AC002D5E89;
			productRefGroup = E9D5E35418CAD8AC002D5E89 /* Products */;
			projectDirPath = "";
			projectRoot = "";
			targets = (
				E9D5E35218CAD8AC002D5E89 /* SnippetText */,
				E9D5E37318CAD8AD002D5E89 /* SnippetTextTests */,
				E9E74C4D19D298E2009FCEC2 /* SnippetKeyboard */,
			);
		};
/* End PBXProject section */

/* Begin PBXResourcesBuildPhase section */
		E9D5E35118CAD8AC002D5E89 /* Resources */ = {
			isa = PBXResourcesBuildPhase;
			buildActionMask = 2147483647;
			files = (
				E9B4E20519D23F2A00B30E82 /* LaunchScreen.xib in Resources */,
				E9087A6D18CB50BC0072F0A1 /* Settings.bundle in Resources */,
				E9D5E36F18CAD8AD002D5E89 /* Images.xcassets in Resources */,
				E9D5E36118CAD8AC002D5E89 /* InfoPlist.strings in Resources */,
				E9D5E36A18CAD8AD002D5E89 /* Main.storyboard in Resources */,
			);
			runOnlyForDeploymentPostprocessing = 0;
		};
		E9D5E37218CAD8AD002D5E89 /* Resources */ = {
			isa = PBXResourcesBuildPhase;
			buildActionMask = 2147483647;
			files = (
				E9D5E38018CAD8AD002D5E89 /* InfoPlist.strings in Resources */,
			);
			runOnlyForDeploymentPostprocessing = 0;
		};
		E9E74C4C19D298E2009FCEC2 /* Resources */ = {
			isa = PBXResourcesBuildPhase;
			buildActionMask = 2147483647;
			files = (
				E997CDAF19D2B19E0046F931 /* Images.xcassets in Resources */,
				E9E74C5F19D29A12009FCEC2 /* ListItemView.xib in Resources */,
				E997CDAD19D2B11F0046F931 /* Images.xcassets in Resources */,
			);
			runOnlyForDeploymentPostprocessing = 0;
		};
/* End PBXResourcesBuildPhase section */

/* Begin PBXShellScriptBuildPhase section */
		2C1FEC84BB574CD38765B48A /* Check Pods Manifest.lock */ = {
			isa = PBXShellScriptBuildPhase;
			buildActionMask = 2147483647;
			files = (
			);
			inputPaths = (
			);
			name = "Check Pods Manifest.lock";
			outputPaths = (
			);
			runOnlyForDeploymentPostprocessing = 0;
			shellPath = /bin/sh;
			shellScript = "diff \"${PODS_ROOT}/../Podfile.lock\" \"${PODS_ROOT}/Manifest.lock\" > /dev/null\nif [[ $? != 0 ]] ; then\n    cat << EOM\nerror: The sandbox is not in sync with the Podfile.lock. Run 'pod install' or update your CocoaPods installation.\nEOM\n    exit 1\nfi\n";
			showEnvVarsInLog = 0;
		};
		84401A1F74DF4187BDD1CA81 /* Check Pods Manifest.lock */ = {
			isa = PBXShellScriptBuildPhase;
			buildActionMask = 2147483647;
			files = (
			);
			inputPaths = (
			);
			name = "Check Pods Manifest.lock";
			outputPaths = (
			);
			runOnlyForDeploymentPostprocessing = 0;
			shellPath = /bin/sh;
			shellScript = "diff \"${PODS_ROOT}/../Podfile.lock\" \"${PODS_ROOT}/Manifest.lock\" > /dev/null\nif [[ $? != 0 ]] ; then\n    cat << EOM\nerror: The sandbox is not in sync with the Podfile.lock. Run 'pod install' or update your CocoaPods installation.\nEOM\n    exit 1\nfi\n";
			showEnvVarsInLog = 0;
		};
		9C24789FDC7D429C9F67B78E /* Copy Pods Resources */ = {
			isa = PBXShellScriptBuildPhase;
			buildActionMask = 2147483647;
			files = (
			);
			inputPaths = (
			);
			name = "Copy Pods Resources";
			outputPaths = (
			);
			runOnlyForDeploymentPostprocessing = 0;
			shellPath = /bin/sh;
			shellScript = "\"${SRCROOT}/Pods/Pods-SnippetKeyboard-resources.sh\"\n";
			showEnvVarsInLog = 0;
		};
		DF2363F9E1A54439B782F8F4 /* Copy Pods Resources */ = {
			isa = PBXShellScriptBuildPhase;
			buildActionMask = 2147483647;
			files = (
			);
			inputPaths = (
			);
			name = "Copy Pods Resources";
			outputPaths = (
			);
			runOnlyForDeploymentPostprocessing = 0;
			shellPath = /bin/sh;
			shellScript = "\"${SRCROOT}/Pods/Pods-resources.sh\"\n";
			showEnvVarsInLog = 0;
		};
/* End PBXShellScriptBuildPhase section */

/* Begin PBXSourcesBuildPhase section */
		E9D5E34F18CAD8AC002D5E89 /* Sources */ = {
			isa = PBXSourcesBuildPhase;
			buildActionMask = 2147483647;
			files = (
				E9D5E36718CAD8AC002D5E89 /* SPTAppDelegate.m in Sources */,
				E9D5E3A618CAF00F002D5E89 /* SPTSnippet.m in Sources */,
				E9D5E36318CAD8AC002D5E89 /* main.m in Sources */,
				E9D5E3A518CAF00F002D5E89 /* _SPTSnippet.m in Sources */,
				E9D5E36D18CAD8AD002D5E89 /* SPTListViewController.m in Sources */,
				E9D5E39B18CAE6DC002D5E89 /* SPTNaviViewController.m in Sources */,
				E9D5E3A018CAEFB9002D5E89 /* SPTEditViewController.m in Sources */,
				E9D5E38D18CAD8E8002D5E89 /* Model.xcdatamodeld in Sources */,
			);
			runOnlyForDeploymentPostprocessing = 0;
		};
		E9D5E37018CAD8AD002D5E89 /* Sources */ = {
			isa = PBXSourcesBuildPhase;
			buildActionMask = 2147483647;
			files = (
				E9D5E38218CAD8AD002D5E89 /* SnippetTextTests.m in Sources */,
			);
			runOnlyForDeploymentPostprocessing = 0;
		};
		E9E74C4A19D298E2009FCEC2 /* Sources */ = {
			isa = PBXSourcesBuildPhase;
			buildActionMask = 2147483647;
			files = (
				E9955BFC19D3318000E6D08A /* _SPTSnippet.m in Sources */,
				E9E74C5419D298E3009FCEC2 /* KeyboardViewController.m in Sources */,
				E9955BFB19D3317C00E6D08A /* SPTSnippet.m in Sources */,
				E9955BFD19D331A500E6D08A /* Model.xcdatamodeld in Sources */,
			);
			runOnlyForDeploymentPostprocessing = 0;
		};
/* End PBXSourcesBuildPhase section */

/* Begin PBXTargetDependency section */
		E9D5E37A18CAD8AD002D5E89 /* PBXTargetDependency */ = {
			isa = PBXTargetDependency;
			target = E9D5E35218CAD8AC002D5E89 /* SnippetText */;
			targetProxy = E9D5E37918CAD8AD002D5E89 /* PBXContainerItemProxy */;
		};
		E9E74C5619D298E3009FCEC2 /* PBXTargetDependency */ = {
			isa = PBXTargetDependency;
			target = E9E74C4D19D298E2009FCEC2 /* SnippetKeyboard */;
			targetProxy = E9E74C5519D298E3009FCEC2 /* PBXContainerItemProxy */;
		};
		E9E74C5919D298E3009FCEC2 /* PBXTargetDependency */ = {
			isa = PBXTargetDependency;
			target = E9E74C4D19D298E2009FCEC2 /* SnippetKeyboard */;
			targetProxy = E9E74C5819D298E3009FCEC2 /* PBXContainerItemProxy */;
		};
/* End PBXTargetDependency section */

/* Begin PBXVariantGroup section */
		E9D5E35F18CAD8AC002D5E89 /* InfoPlist.strings */ = {
			isa = PBXVariantGroup;
			children = (
				E9D5E36018CAD8AC002D5E89 /* en */,
			);
			name = InfoPlist.strings;
			sourceTree = "<group>";
		};
		E9D5E36818CAD8AD002D5E89 /* Main.storyboard */ = {
			isa = PBXVariantGroup;
			children = (
				E9D5E36918CAD8AD002D5E89 /* Base */,
			);
			name = Main.storyboard;
			sourceTree = "<group>";
		};
		E9D5E37E18CAD8AD002D5E89 /* InfoPlist.strings */ = {
			isa = PBXVariantGroup;
			children = (
				E9D5E37F18CAD8AD002D5E89 /* en */,
			);
			name = InfoPlist.strings;
			sourceTree = "<group>";
		};
/* End PBXVariantGroup section */

/* Begin XCBuildConfiguration section */
		E9D5E38318CAD8AD002D5E89 /* Debug */ = {
			isa = XCBuildConfiguration;
			buildSettings = {
				ALWAYS_SEARCH_USER_PATHS = NO;
				ARCHS = "$(ARCHS_STANDARD_INCLUDING_64_BIT)";
				CLANG_CXX_LANGUAGE_STANDARD = "gnu++0x";
				CLANG_CXX_LIBRARY = "libc++";
				CLANG_ENABLE_MODULES = YES;
				CLANG_ENABLE_OBJC_ARC = YES;
				CLANG_WARN_BOOL_CONVERSION = YES;
				CLANG_WARN_CONSTANT_CONVERSION = YES;
				CLANG_WARN_DIRECT_OBJC_ISA_USAGE = YES_ERROR;
				CLANG_WARN_EMPTY_BODY = YES;
				CLANG_WARN_ENUM_CONVERSION = YES;
				CLANG_WARN_INT_CONVERSION = YES;
				CLANG_WARN_OBJC_ROOT_CLASS = YES_ERROR;
				CLANG_WARN__DUPLICATE_METHOD_MATCH = YES;
				"CODE_SIGN_IDENTITY[sdk=iphoneos*]" = "iPhone Developer";
				COPY_PHASE_STRIP = NO;
				GCC_C_LANGUAGE_STANDARD = gnu99;
				GCC_DYNAMIC_NO_PIC = NO;
				GCC_OPTIMIZATION_LEVEL = 0;
				GCC_PREPROCESSOR_DEFINITIONS = (
					"DEBUG=1",
					"$(inherited)",
				);
				GCC_SYMBOLS_PRIVATE_EXTERN = NO;
				GCC_WARN_64_TO_32_BIT_CONVERSION = YES;
				GCC_WARN_ABOUT_RETURN_TYPE = YES_ERROR;
				GCC_WARN_UNDECLARED_SELECTOR = YES;
				GCC_WARN_UNINITIALIZED_AUTOS = YES;
				GCC_WARN_UNUSED_FUNCTION = YES;
				GCC_WARN_UNUSED_VARIABLE = YES;
				IPHONEOS_DEPLOYMENT_TARGET = 7.0;
				ONLY_ACTIVE_ARCH = YES;
				SDKROOT = iphoneos;
			};
			name = Debug;
		};
		E9D5E38418CAD8AD002D5E89 /* Release */ = {
			isa = XCBuildConfiguration;
			buildSettings = {
				ALWAYS_SEARCH_USER_PATHS = NO;
				ARCHS = "$(ARCHS_STANDARD_INCLUDING_64_BIT)";
				CLANG_CXX_LANGUAGE_STANDARD = "gnu++0x";
				CLANG_CXX_LIBRARY = "libc++";
				CLANG_ENABLE_MODULES = YES;
				CLANG_ENABLE_OBJC_ARC = YES;
				CLANG_WARN_BOOL_CONVERSION = YES;
				CLANG_WARN_CONSTANT_CONVERSION = YES;
				CLANG_WARN_DIRECT_OBJC_ISA_USAGE = YES_ERROR;
				CLANG_WARN_EMPTY_BODY = YES;
				CLANG_WARN_ENUM_CONVERSION = YES;
				CLANG_WARN_INT_CONVERSION = YES;
				CLANG_WARN_OBJC_ROOT_CLASS = YES_ERROR;
				CLANG_WARN__DUPLICATE_METHOD_MATCH = YES;
				"CODE_SIGN_IDENTITY[sdk=iphoneos*]" = "iPhone Developer";
				COPY_PHASE_STRIP = YES;
				ENABLE_NS_ASSERTIONS = NO;
				GCC_C_LANGUAGE_STANDARD = gnu99;
				GCC_WARN_64_TO_32_BIT_CONVERSION = YES;
				GCC_WARN_ABOUT_RETURN_TYPE = YES_ERROR;
				GCC_WARN_UNDECLARED_SELECTOR = YES;
				GCC_WARN_UNINITIALIZED_AUTOS = YES;
				GCC_WARN_UNUSED_FUNCTION = YES;
				GCC_WARN_UNUSED_VARIABLE = YES;
				IPHONEOS_DEPLOYMENT_TARGET = 7.0;
				SDKROOT = iphoneos;
				VALIDATE_PRODUCT = YES;
			};
			name = Release;
		};
		E9D5E38618CAD8AD002D5E89 /* Debug */ = {
			isa = XCBuildConfiguration;
			baseConfigurationReference = AAE9F4CEB40449B8AAF9F4D4 /* Pods.xcconfig */;
			buildSettings = {
				ASSETCATALOG_COMPILER_APPICON_NAME = AppIcon;
				CODE_SIGN_ENTITLEMENTS = SnippetText/SnippetText.entitlements;
				CODE_SIGN_IDENTITY = "iPhone Developer";
				"CODE_SIGN_IDENTITY[sdk=iphoneos*]" = "iPhone Developer";
				FRAMEWORK_SEARCH_PATHS = (
					"$(inherited)",
					/work/github/SnippetText,
				);
				GCC_PRECOMPILE_PREFIX_HEADER = YES;
				GCC_PREFIX_HEADER = "SnippetText/SnippetText-Prefix.pch";
				INFOPLIST_FILE = "SnippetText/SnippetText-Info.plist";
				IPHONEOS_DEPLOYMENT_TARGET = 7.0;
				LIBRARY_SEARCH_PATHS = "$(inherited)";
				PRODUCT_NAME = "$(TARGET_NAME)";
				PROVISIONING_PROFILE = "";
				WRAPPER_EXTENSION = app;
			};
			name = Debug;
		};
		E9D5E38718CAD8AD002D5E89 /* Release */ = {
			isa = XCBuildConfiguration;
			baseConfigurationReference = AAE9F4CEB40449B8AAF9F4D4 /* Pods.xcconfig */;
			buildSettings = {
				ASSETCATALOG_COMPILER_APPICON_NAME = AppIcon;
				CODE_SIGN_ENTITLEMENTS = SnippetText/SnippetText.entitlements;
				CODE_SIGN_IDENTITY = "iPhone Developer";
				"CODE_SIGN_IDENTITY[sdk=iphoneos*]" = "iPhone Developer";
				FRAMEWORK_SEARCH_PATHS = (
					"$(inherited)",
					/work/github/SnippetText,
				);
				GCC_PRECOMPILE_PREFIX_HEADER = YES;
				GCC_PREFIX_HEADER = "SnippetText/SnippetText-Prefix.pch";
				INFOPLIST_FILE = "SnippetText/SnippetText-Info.plist";
				IPHONEOS_DEPLOYMENT_TARGET = 7.0;
				LIBRARY_SEARCH_PATHS = "$(inherited)";
				PRODUCT_NAME = "$(TARGET_NAME)";
				PROVISIONING_PROFILE = "";
				WRAPPER_EXTENSION = app;
			};
			name = Release;
		};
		E9D5E38918CAD8AD002D5E89 /* Debug */ = {
			isa = XCBuildConfiguration;
			buildSettings = {
				ARCHS = "$(ARCHS_STANDARD_INCLUDING_64_BIT)";
				BUNDLE_LOADER = "$(BUILT_PRODUCTS_DIR)/SnippetText.app/SnippetText";
				FRAMEWORK_SEARCH_PATHS = (
					"$(SDKROOT)/Developer/Library/Frameworks",
					"$(inherited)",
					"$(DEVELOPER_FRAMEWORKS_DIR)",
				);
				GCC_PRECOMPILE_PREFIX_HEADER = YES;
				GCC_PREFIX_HEADER = "SnippetText/SnippetText-Prefix.pch";
				GCC_PREPROCESSOR_DEFINITIONS = (
					"DEBUG=1",
					"$(inherited)",
				);
				INFOPLIST_FILE = "SnippetTextTests/SnippetTextTests-Info.plist";
				PRODUCT_NAME = "$(TARGET_NAME)";
				TEST_HOST = "$(BUNDLE_LOADER)";
				WRAPPER_EXTENSION = xctest;
			};
			name = Debug;
		};
		E9D5E38A18CAD8AD002D5E89 /* Release */ = {
			isa = XCBuildConfiguration;
			buildSettings = {
				ARCHS = "$(ARCHS_STANDARD_INCLUDING_64_BIT)";
				BUNDLE_LOADER = "$(BUILT_PRODUCTS_DIR)/SnippetText.app/SnippetText";
				FRAMEWORK_SEARCH_PATHS = (
					"$(SDKROOT)/Developer/Library/Frameworks",
					"$(inherited)",
					"$(DEVELOPER_FRAMEWORKS_DIR)",
				);
				GCC_PRECOMPILE_PREFIX_HEADER = YES;
				GCC_PREFIX_HEADER = "SnippetText/SnippetText-Prefix.pch";
				INFOPLIST_FILE = "SnippetTextTests/SnippetTextTests-Info.plist";
				PRODUCT_NAME = "$(TARGET_NAME)";
				TEST_HOST = "$(BUNDLE_LOADER)";
				WRAPPER_EXTENSION = xctest;
			};
			name = Release;
		};
		E9E74C5A19D298E3009FCEC2 /* Debug */ = {
			isa = XCBuildConfiguration;
			baseConfigurationReference = 1642978B30BA442B99907915 /* Pods-SnippetKeyboard.xcconfig */;
			buildSettings = {
				CLANG_WARN_UNREACHABLE_CODE = YES;
				CODE_SIGN_ENTITLEMENTS = SnippetKeyboard/SnippetKeyboard.entitlements;
				CODE_SIGN_IDENTITY = "iPhone Developer";
				"CODE_SIGN_IDENTITY[sdk=iphoneos*]" = "iPhone Developer";
				ENABLE_STRICT_OBJC_MSGSEND = YES;
				GCC_PREPROCESSOR_DEFINITIONS = (
					"DEBUG=1",
					"$(inherited)",
				);
				GCC_WARN_UNINITIALIZED_AUTOS = YES_AGGRESSIVE;
				INFOPLIST_FILE = SnippetKeyboard/Info.plist;
				IPHONEOS_DEPLOYMENT_TARGET = 8.0;
				LD_RUNPATH_SEARCH_PATHS = "$(inherited) @executable_path/Frameworks @executable_path/../../Frameworks";
				LIBRARY_SEARCH_PATHS = (
					"$(inherited)",
					"$(PROJECT_DIR)/Pods/build/Debug-iphoneos",
				);
				MTL_ENABLE_DEBUG_INFO = YES;
				PRODUCT_NAME = "$(TARGET_NAME)";
				PROVISIONING_PROFILE = "";
				SKIP_INSTALL = YES;
			};
			name = Debug;
		};
		E9E74C5B19D298E3009FCEC2 /* Release */ = {
			isa = XCBuildConfiguration;
			baseConfigurationReference = 1642978B30BA442B99907915 /* Pods-SnippetKeyboard.xcconfig */;
			buildSettings = {
				CLANG_WARN_UNREACHABLE_CODE = YES;
				CODE_SIGN_ENTITLEMENTS = SnippetKeyboard/SnippetKeyboard.entitlements;
				CODE_SIGN_IDENTITY = "iPhone Developer";
				"CODE_SIGN_IDENTITY[sdk=iphoneos*]" = "iPhone Developer";
				ENABLE_STRICT_OBJC_MSGSEND = YES;
				GCC_WARN_UNINITIALIZED_AUTOS = YES_AGGRESSIVE;
				INFOPLIST_FILE = SnippetKeyboard/Info.plist;
				IPHONEOS_DEPLOYMENT_TARGET = 8.0;
				LD_RUNPATH_SEARCH_PATHS = "$(inherited) @executable_path/Frameworks @executable_path/../../Frameworks";
				LIBRARY_SEARCH_PATHS = (
					"$(inherited)",
					"$(PROJECT_DIR)/Pods/build/Debug-iphoneos",
				);
				MTL_ENABLE_DEBUG_INFO = NO;
				PRODUCT_NAME = "$(TARGET_NAME)";
				PROVISIONING_PROFILE = "";
				SKIP_INSTALL = YES;
			};
			name = Release;
		};
/* End XCBuildConfiguration section */

/* Begin XCConfigurationList section */
		E9D5E34E18CAD8AC002D5E89 /* Build configuration list for PBXProject "SnippetText" */ = {
			isa = XCConfigurationList;
			buildConfigurations = (
				E9D5E38318CAD8AD002D5E89 /* Debug */,
				E9D5E38418CAD8AD002D5E89 /* Release */,
			);
			defaultConfigurationIsVisible = 0;
			defaultConfigurationName = Release;
		};
		E9D5E38518CAD8AD002D5E89 /* Build configuration list for PBXNativeTarget "SnippetText" */ = {
			isa = XCConfigurationList;
			buildConfigurations = (
				E9D5E38618CAD8AD002D5E89 /* Debug */,
				E9D5E38718CAD8AD002D5E89 /* Release */,
			);
			defaultConfigurationIsVisible = 0;
			defaultConfigurationName = Release;
		};
		E9D5E38818CAD8AD002D5E89 /* Build configuration list for PBXNativeTarget "SnippetTextTests" */ = {
			isa = XCConfigurationList;
			buildConfigurations = (
				E9D5E38918CAD8AD002D5E89 /* Debug */,
				E9D5E38A18CAD8AD002D5E89 /* Release */,
			);
			defaultConfigurationIsVisible = 0;
			defaultConfigurationName = Release;
		};
		E9E74C5C19D298E3009FCEC2 /* Build configuration list for PBXNativeTarget "SnippetKeyboard" */ = {
			isa = XCConfigurationList;
			buildConfigurations = (
				E9E74C5A19D298E3009FCEC2 /* Debug */,
				E9E74C5B19D298E3009FCEC2 /* Release */,
			);
			defaultConfigurationIsVisible = 0;
			defaultConfigurationName = Release;
		};
/* End XCConfigurationList section */

/* Begin XCVersionGroup section */
		E9D5E38B18CAD8E8002D5E89 /* Model.xcdatamodeld */ = {
			isa = XCVersionGroup;
			children = (
				E9D5E38C18CAD8E8002D5E89 /* Model.xcdatamodel */,
			);
			currentVersion = E9D5E38C18CAD8E8002D5E89 /* Model.xcdatamodel */;
			path = Model.xcdatamodeld;
			sourceTree = "<group>";
			versionGroupType = wrapper.xcdatamodel;
		};
/* End XCVersionGroup section */
	};
	rootObject = E9D5E34B18CAD8AC002D5E89 /* Project object */;
}
